
Microsoft Visual Studio Solution File, Format Version 12.00
# Visual Studio Version 16
VisualStudioVersion = 16.0.30611.23
MinimumVisualStudioVersion = 10.0.40219.1
Project("{9A19103F-16F7-4668-BE54-9A1E7A4F7556}") = "ApiGateway", "ApiGateway\ApiGateway.csproj", "{F9338E6F-705A-4C47-8D3C-4132906B3EFF}"
EndProject
Project("{2150E333-8FDC-42A3-9474-1A3956D46DE8}") = "Services", "Services", "{114D3F56-E4CB-4827-A1D7-0857157B1A94}"
EndProject
Project("{2150E333-8FDC-42A3-9474-1A3956D46DE8}") = "ContactAPI", "ContactAPI", "{DD2BED63-109B-422E-AFF2-338555F56FFF}"
EndProject
Project("{2150E333-8FDC-42A3-9474-1A3956D46DE8}") = "RestAPI", "RestAPI", "{26DCAA86-7B15-4A4B-8E65-FF740D8D07C8}"
EndProject
Project("{9A19103F-16F7-4668-BE54-9A1E7A4F7556}") = "Contact.API", "Services\ContactAPI\Contact.API\Contact.API.csproj", "{FD0954A9-0975-47B7-B704-D497C4D5133B}"
EndProject
Project("{9A19103F-16F7-4668-BE54-9A1E7A4F7556}") = "Reservation.API", "Services\RestAPI\Reservation.API\Reservation.API.csproj", "{9086211F-60D5-445A-A476-285E43B33C75}"
EndProject
Project("{9A19103F-16F7-4668-BE54-9A1E7A4F7556}") = "Contact.API.Services", "Services\ContactAPI\Contact.API.Services\Contact.API.Services.csproj", "{E07E59ED-3E01-4673-91FA-AE688C1E2802}"
EndProject
Project("{9A19103F-16F7-4668-BE54-9A1E7A4F7556}") = "Contact.API.Infrastructure", "Services\ContactAPI\Contact.API.Infrastructure\Contact.API.Infrastructure.csproj", "{A801AEFA-87B7-4A64-95E0-830A571ADF12}"
EndProject
Project("{9A19103F-16F7-4668-BE54-9A1E7A4F7556}") = "Contact.API.Models", "Services\ContactAPI\Contact.API.Models\Contact.API.Models.csproj", "{26653D15-31EE-4B4B-988C-FEC2B8515D4C}"
EndProject
Project("{9A19103F-16F7-4668-BE54-9A1E7A4F7556}") = "Reservation.API.Infrastructure", "Services\RestAPI\Reservation.API.Infrastructure\Reservation.API.Infrastructure.csproj", "{CE6A6078-D685-45FB-83FC-A617D2CF2C02}"
EndProject
Project("{9A19103F-16F7-4668-BE54-9A1E7A4F7556}") = "Reservation.API.Models", "Services\RestAPI\Reservation.API.Models\Reservation.API.Models.csproj", "{9F5AB299-EF1F-4723-B499-C783A9347A7C}"
EndProject
Project("{9A19103F-16F7-4668-BE54-9A1E7A4F7556}") = "Reservation.API.Services", "Services\RestAPI\Reservation.API.Services\Reservation.API.Services.csproj", "{EB7F53A5-3058-4252-B183-5D4CFA8690C9}"
EndProject
Project("{2150E333-8FDC-42A3-9474-1A3956D46DE8}") = "Solution Items", "Solution Items", "{BBEC0F47-ECE3-4EA9-BECF-1ECEEFE27918}"
	ProjectSection(SolutionItems) = preProject
		docker-compose.yml = docker-compose.yml
	EndProjectSection
EndProject
Global
	GlobalSection(SolutionConfigurationPlatforms) = preSolution
		Debug|Any CPU = Debug|Any CPU
		Release|Any CPU = Release|Any CPU
	EndGlobalSection
	GlobalSection(ProjectConfigurationPlatforms) = postSolution
		{F9338E6F-705A-4C47-8D3C-4132906B3EFF}.Debug|Any CPU.ActiveCfg = Debug|Any CPU
		{F9338E6F-705A-4C47-8D3C-4132906B3EFF}.Debug|Any CPU.Build.0 = Debug|Any CPU
		{F9338E6F-705A-4C47-8D3C-4132906B3EFF}.Release|Any CPU.ActiveCfg = Release|Any CPU
		{F9338E6F-705A-4C47-8D3C-4132906B3EFF}.Release|Any CPU.Build.0 = Release|Any CPU
		{FD0954A9-0975-47B7-B704-D497C4D5133B}.Debug|Any CPU.ActiveCfg = Debug|Any CPU
		{FD0954A9-0975-47B7-B704-D497C4D5133B}.Debug|Any CPU.Build.0 = Debug|Any CPU
		{FD0954A9-0975-47B7-B704-D497C4D5133B}.Release|Any CPU.ActiveCfg = Release|Any CPU
		{FD0954A9-0975-47B7-B704-D497C4D5133B}.Release|Any CPU.Build.0 = Release|Any CPU
		{9086211F-60D5-445A-A476-285E43B33C75}.Debug|Any CPU.ActiveCfg = Debug|Any CPU
		{9086211F-60D5-445A-A476-285E43B33C75}.Debug|Any CPU.Build.0 = Debug|Any CPU
		{9086211F-60D5-445A-A476-285E43B33C75}.Release|Any CPU.ActiveCfg = Release|Any CPU
		{9086211F-60D5-445A-A476-285E43B33C75}.Release|Any CPU.Build.0 = Release|Any CPU
		{E07E59ED-3E01-4673-91FA-AE688C1E2802}.Debug|Any CPU.ActiveCfg = Debug|Any CPU
		{E07E59ED-3E01-4673-91FA-AE688C1E2802}.Debug|Any CPU.Build.0 = Debug|Any CPU
		{E07E59ED-3E01-4673-91FA-AE688C1E2802}.Release|Any CPU.ActiveCfg = Release|Any CPU
		{E07E59ED-3E01-4673-91FA-AE688C1E2802}.Release|Any CPU.Build.0 = Release|Any CPU
		{A801AEFA-87B7-4A64-95E0-830A571ADF12}.Debug|Any CPU.ActiveCfg = Debug|Any CPU
		{A801AEFA-87B7-4A64-95E0-830A571ADF12}.Debug|Any CPU.Build.0 = Debug|Any CPU
		{A801AEFA-87B7-4A64-95E0-830A571ADF12}.Release|Any CPU.ActiveCfg = Release|Any CPU
		{A801AEFA-87B7-4A64-95E0-830A571ADF12}.Release|Any CPU.Build.0 = Release|Any CPU
		{26653D15-31EE-4B4B-988C-FEC2B8515D4C}.Debug|Any CPU.ActiveCfg = Debug|Any CPU
		{26653D15-31EE-4B4B-988C-FEC2B8515D4C}.Debug|Any CPU.Build.0 = Debug|Any CPU
		{26653D15-31EE-4B4B-988C-FEC2B8515D4C}.Release|Any CPU.ActiveCfg = Release|Any CPU
		{26653D15-31EE-4B4B-988C-FEC2B8515D4C}.Release|Any CPU.Build.0 = Release|Any CPU
		{CE6A6078-D685-45FB-83FC-A617D2CF2C02}.Debug|Any CPU.ActiveCfg = Debug|Any CPU
		{CE6A6078-D685-45FB-83FC-A617D2CF2C02}.Debug|Any CPU.Build.0 = Debug|Any CPU
		{CE6A6078-D685-45FB-83FC-A617D2CF2C02}.Release|Any CPU.ActiveCfg = Release|Any CPU
		{CE6A6078-D685-45FB-83FC-A617D2CF2C02}.Release|Any CPU.Build.0 = Release|Any CPU
		{9F5AB299-EF1F-4723-B499-C783A9347A7C}.Debug|Any CPU.ActiveCfg = Debug|Any CPU
		{9F5AB299-EF1F-4723-B499-C783A9347A7C}.Debug|Any CPU.Build.0 = Debug|Any CPU
		{9F5AB299-EF1F-4723-B499-C783A9347A7C}.Release|Any CPU.ActiveCfg = Release|Any CPU
		{9F5AB299-EF1F-4723-B499-C783A9347A7C}.Release|Any CPU.Build.0 = Release|Any CPU
		{EB7F53A5-3058-4252-B183-5D4CFA8690C9}.Debug|Any CPU.ActiveCfg = Debug|Any CPU
		{EB7F53A5-3058-4252-B183-5D4CFA8690C9}.Debug|Any CPU.Build.0 = Debug|Any CPU
		{EB7F53A5-3058-4252-B183-5D4CFA8690C9}.Release|Any CPU.ActiveCfg = Release|Any CPU
		{EB7F53A5-3058-4252-B183-5D4CFA8690C9}.Release|Any CPU.Build.0 = Release|Any CPU
	EndGlobalSection
	GlobalSection(SolutionProperties) = preSolution
		HideSolutionNode = FALSE
	EndGlobalSection
	GlobalSection(NestedProjects) = preSolution
		{DD2BED63-109B-422E-AFF2-338555F56FFF} = {114D3F56-E4CB-4827-A1D7-0857157B1A94}
		{26DCAA86-7B15-4A4B-8E65-FF740D8D07C8} = {114D3F56-E4CB-4827-A1D7-0857157B1A94}
		{FD0954A9-0975-47B7-B704-D497C4D5133B} = {DD2BED63-109B-422E-AFF2-338555F56FFF}
		{9086211F-60D5-445A-A476-285E43B33C75} = {26DCAA86-7B15-4A4B-8E65-FF740D8D07C8}
		{E07E59ED-3E01-4673-91FA-AE688C1E2802} = {DD2BED63-109B-422E-AFF2-338555F56FFF}
		{A801AEFA-87B7-4A64-95E0-830A571ADF12} = {DD2BED63-109B-422E-AFF2-338555F56FFF}
		{26653D15-31EE-4B4B-988C-FEC2B8515D4C} = {DD2BED63-109B-422E-AFF2-338555F56FFF}
		{CE6A6078-D685-45FB-83FC-A617D2CF2C02} = {26DCAA86-7B15-4A4B-8E65-FF740D8D07C8}
		{9F5AB299-EF1F-4723-B499-C783A9347A7C} = {26DCAA86-7B15-4A4B-8E65-FF740D8D07C8}
		{EB7F53A5-3058-4252-B183-5D4CFA8690C9} = {26DCAA86-7B15-4A4B-8E65-FF740D8D07C8}
	EndGlobalSection
	GlobalSection(ExtensibilityGlobals) = postSolution
		SolutionGuid = {00A20323-27B1-4D5B-BCF3-385A13CD4EE2}
	EndGlobalSection
EndGlobal
